<?xml version="1.0" encoding="utf-8"?>
<Project ToolsVersion="4.0" xmlns="http://schemas.microsoft.com/developer/msbuild/2003">
  <ItemGroup>
    <Filter Include="Source Files">
      <UniqueIdentifier>{4FC737F1-C7A5-4376-A066-2A32D752A2FF}</UniqueIdentifier>
      <Extensions>cpp;c;cc;cxx;def;odl;idl;hpj;bat;asm;asmx</Extensions>
    </Filter>
    <Filter Include="Resource Files">
      <UniqueIdentifier>{67DA6AB6-F800-4c08-8B7A-83BB121AAD01}</UniqueIdentifier>
      <Extensions>rc;ico;cur;bmp;dlg;rc2;rct;bin;rgs;gif;jpg;jpeg;jpe;resx;tiff;tif;png;wav;mfcribbon-ms</Extensions>
    </Filter>
    <Filter Include="inc">
      <UniqueIdentifier>{8fa946df-6902-44b5-b9fe-bd621afb8a2b}</UniqueIdentifier>
    </Filter>
  </ItemGroup>
  <ItemGroup>
    <Text Include="ReadMe.txt" />
  </ItemGroup>
  <ItemGroup>
    <ClCompile Include="src\Sprite.cpp">
      <Filter>Source Files</Filter>
    </ClCompile>
    <ClCompile Include="src\TrumpNation.cpp">
      <Filter>Source Files</Filter>
    </ClCompile>
    <ClCompile Include="src\ResourceManager.cpp">
      <Filter>Source Files</Filter>
    </ClCompile>
    <ClCompile Include="src\Animation.cpp">
      <Filter>Source Files</Filter>
    </ClCompile>
    <ClCompile Include="src\AssetResource.cpp">
      <Filter>Source Files</Filter>
    </ClCompile>
    <ClCompile Include="src\Mexican1Sprite.cpp">
      <Filter>Source Files</Filter>
    </ClCompile>
    <ClCompile Include="src\TrumpPlayerSprite.cpp">
      <Filter>Source Files</Filter>
    </ClCompile>
    <ClCompile Include="src\ItemSprite.cpp">
      <Filter>Source Files</Filter>
    </ClCompile>
  </ItemGroup>
  <ItemGroup>
    <ClInclude Include="inc\Sprite.h">
      <Filter>inc</Filter>
    </ClInclude>
    <ClInclude Include="inc\ResourceManager.h">
      <Filter>inc</Filter>
    </ClInclude>
    <ClInclude Include="inc\Globals.h">
      <Filter>inc</Filter>
    </ClInclude>
    <ClInclude Include="inc\Animation.h">
      <Filter>inc</Filter>
    </ClInclude>
    <ClInclude Include="inc\AssetResource.h">
      <Filter>inc</Filter>
    </ClInclude>
    <ClInclude Include="inc\Mexican1Sprite.h">
      <Filter>inc</Filter>
    </ClInclude>
    <ClInclude Include="inc\TrumpPlayerSprite.h">
      <Filter>inc</Filter>
    </ClInclude>
  </ItemGroup>
</Project>